{
  "name": "osutrack",
  "version": "1.0.0",
  "lockfileVersion": 1,
  "requires": true,
  "dependencies": {
    "corrin": {
      "version": "1.1.1",
      "resolved": "https://registry.npmjs.org/corrin/-/corrin-1.1.1.tgz",
      "integrity": "sha512-cwTAFrTAEFigU1Isku3AxK1tj9oH5X+eK/OEuVOh2rvHMW5MrJuQ0Rm6TaeFvMWOllOLovJ+A6w11DtoB0Gpvg=="
    },
    "despair": {
      "version": "2.0.1",
      "resolved": "https://registry.npmjs.org/despair/-/despair-2.0.1.tgz",
      "integrity": "sha512-I62nyo4jKx+bh1ny78F/764zT79E68sE229Tjpu1btf9yDpLnUC3WhKwZj8OeK3fPhAtQyt4bNDmVmpQBeOXHg=="
    }
  }
}
