{
  "name": "osutrack",
  "version": "1.1.0",
  "lockfileVersion": 3,
  "requires": true,
  "packages": {
    "": {
      "name": "osutrack",
      "version": "1.1.0",
      "license": "MIT",
      "dependencies": {
        "@kionell/osu-pp-calculator": "^4.0.0",
        "corrin": "^1.1.2",
        "despair": "^2.1.2"
      }
    },
    "node_modules/@kionell/osu-pp-calculator": {
      "version": "4.0.0",
      "resolved": "https://registry.npmjs.org/@kionell/osu-pp-calculator/-/osu-pp-calculator-4.0.0.tgz",
      "integrity": "sha512-hCrz5mcoreD+vOdTuwbs37AQ99O62JQc3l1CsSCHI9R9xBzqiN/tH8wMbRnfKATQmzy6vDdSsHQWbsNIt4aUcA==",
      "peerDependencies": {
        "osu-catch-stable": "^4.0.0",
        "osu-classes": "^3.0.1",
        "osu-downloader": "^0.8.1",
        "osu-mania-stable": "^5.0.0",
        "osu-parsers": "^4.1.4",
        "osu-standard-stable": "^5.0.0",
        "osu-taiko-stable": "^5.0.0"
      }
    },
    "node_modules/asynckit": {
      "version": "0.4.0",
      "resolved": "https://registry.npmjs.org/asynckit/-/asynckit-0.4.0.tgz",
      "integrity": "sha512-Oei9OH4tRh0YqU3GxhX79dM/mwVgvbZJaSNaRk+bshkj0S5cfHcgYakreBjrHwatXKbz+IoIdYLxrKim2MjW0Q==",
      "peer": true
    },
    "node_modules/axios": {
      "version": "0.27.2",
      "resolved": "https://registry.npmjs.org/axios/-/axios-0.27.2.tgz",
      "integrity": "sha512-t+yRIyySRTp/wua5xEr+z1q60QmLq8ABsS5O9Me1AsE5dfKqgnCFzwiCZZ/cGNd1lq4/7akDWMxdhVlucjmnOQ==",
      "peer": true,
      "dependencies": {
        "follow-redirects": "^1.14.9",
        "form-data": "^4.0.0"
      }
    },
    "node_modules/bottleneck": {
      "version": "2.19.5",
      "resolved": "https://registry.npmjs.org/bottleneck/-/bottleneck-2.19.5.tgz",
      "integrity": "sha512-VHiNCbI1lKdl44tGrhNfU3lup0Tj/ZBMJB5/2ZbNXRCPuRCO7ed2mgcK4r17y+KB2EfuYuRaVlwNbAeaWGSpbw==",
      "peer": true
    },
    "node_modules/combined-stream": {
      "version": "1.0.8",
      "resolved": "https://registry.npmjs.org/combined-stream/-/combined-stream-1.0.8.tgz",
      "integrity": "sha512-FQN4MRfuJeHf7cBbBMJFXhKSDq+2kAArBlmRBvcvFE5BB1HZKXtSFASDhdlz9zOYwxh8lDdnvmMOe/+5cdoEdg==",
      "peer": true,
      "dependencies": {
        "delayed-stream": "~1.0.0"
      },
      "engines": {
        "node": ">= 0.8"
      }
    },
    "node_modules/corrin": {
      "version": "1.1.2",
      "resolved": "https://registry.npmjs.org/corrin/-/corrin-1.1.2.tgz",
      "integrity": "sha512-29MxNtO9KCp6nmvzB/MXbjomKG9UwyTEaWTM650k9hsM7mlpmGVqLrIkehLOwT+O7r4ePg+96rg1/7lFh0ubGQ=="
    },
    "node_modules/delayed-stream": {
      "version": "1.0.0",
      "resolved": "https://registry.npmjs.org/delayed-stream/-/delayed-stream-1.0.0.tgz",
      "integrity": "sha512-ZySD7Nf91aLB0RxL4KGrKHBXl7Eds1DAmEdcoVawXnLD7SDhpNgtuII2aAkg7a7QS41jxPSZ17p4VdGnMHk3MQ==",
      "peer": true,
      "engines": {
        "node": ">=0.4.0"
      }
    },
    "node_modules/despair": {
      "version": "2.1.2",
      "resolved": "https://registry.npmjs.org/despair/-/despair-2.1.2.tgz",
      "integrity": "sha512-ewxrc9YT8RtBVftFrUmu9Fl3uBNz3TqusFLjoGiqqAmpQhVM3X0jDorqyFf7pIdcUe1Hd6SHbJZ/pz7FItLo3g=="
    },
    "node_modules/follow-redirects": {
      "version": "1.15.3",
      "resolved": "https://registry.npmjs.org/follow-redirects/-/follow-redirects-1.15.3.tgz",
      "integrity": "sha512-1VzOtuEM8pC9SFU1E+8KfTjZyMztRsgEfwQl44z8A25uy13jSzTj6dyK2Df52iV0vgHCfBwLhDWevLn95w5v6Q==",
      "funding": [
        {
          "type": "individual",
          "url": "https://github.com/sponsors/RubenVerborgh"
        }
      ],
      "peer": true,
      "engines": {
        "node": ">=4.0"
      },
      "peerDependenciesMeta": {
        "debug": {
          "optional": true
        }
      }
    },
    "node_modules/form-data": {
      "version": "4.0.0",
      "resolved": "https://registry.npmjs.org/form-data/-/form-data-4.0.0.tgz",
      "integrity": "sha512-ETEklSGi5t0QMZuiXoA/Q6vcnxcLQP5vdugSpuAyi6SVGi2clPPp+xgEhuMaHC+zGgn31Kd235W35f7Hykkaww==",
      "peer": true,
      "dependencies": {
        "asynckit": "^0.4.0",
        "combined-stream": "^1.0.8",
        "mime-types": "^2.1.12"
      },
      "engines": {
        "node": ">= 6"
      }
    },
    "node_modules/lzma-js-simple-v2": {
      "version": "1.2.2",
      "resolved": "https://registry.npmjs.org/lzma-js-simple-v2/-/lzma-js-simple-v2-1.2.2.tgz",
      "integrity": "sha512-dHjXHlgcS8r2K+4t8kAycGE4xMVQxPzMTCrrYhaFEtQDmjXh/A7xq4D88oOfEtjTR9XFzTAML9AuBrm4jXLigA==",
      "peer": true
    },
    "node_modules/mime-db": {
      "version": "1.52.0",
      "resolved": "https://registry.npmjs.org/mime-db/-/mime-db-1.52.0.tgz",
      "integrity": "sha512-sPU4uV7dYlvtWJxwwxHD0PuihVNiE7TyAbQ5SWxDCB9mUYvOgroQOwYQQOKPJ8CIbE+1ETVlOoK1UC2nU3gYvg==",
      "peer": true,
      "engines": {
        "node": ">= 0.6"
      }
    },
    "node_modules/mime-types": {
      "version": "2.1.35",
      "resolved": "https://registry.npmjs.org/mime-types/-/mime-types-2.1.35.tgz",
      "integrity": "sha512-ZDY+bPm5zTTF+YpCrAU9nK0UgICYPT0QtT1NZWFv4s++TNkcgVaT0g6+4R2uI4MjQjzysHB1zxuWL50hzaeXiw==",
      "peer": true,
      "dependencies": {
        "mime-db": "1.52.0"
      },
      "engines": {
        "node": ">= 0.6"
      }
    },
    "node_modules/osu-catch-stable": {
      "version": "4.0.0",
      "resolved": "https://registry.npmjs.org/osu-catch-stable/-/osu-catch-stable-4.0.0.tgz",
      "integrity": "sha512-qOayn6WifpZ7+mT4qj6gCgGmbOxx5/PVL/NIm6NsZ86O6O0qH+6R+ytSV2TtB4RXklBYKP/nK2dTdS9kSbXznQ==",
      "peer": true,
      "peerDependencies": {
        "osu-classes": "^3.0.0"
      }
    },
    "node_modules/osu-classes": {
      "version": "3.0.1",
      "resolved": "https://registry.npmjs.org/osu-classes/-/osu-classes-3.0.1.tgz",
      "integrity": "sha512-EI0pMoyUAgrvGHeOywaglHaGpjxhCHtwxPsK7kKJMDGmSgT8lvD3Ebs7vkSNPcKAuBX0VMbfsnSrwE9ArkOXyw==",
      "peer": true
    },
    "node_modules/osu-downloader": {
      "version": "0.8.1",
      "resolved": "https://registry.npmjs.org/osu-downloader/-/osu-downloader-0.8.1.tgz",
      "integrity": "sha512-5Aje16f09U3VfDYwDNDQwtBzdLK0U3u+CohEsyjk462TUxQKPlkceSxOvQZOFuKrSnx3jkcktR5ZEi35TcB6wQ==",
      "peer": true,
      "dependencies": {
        "axios": "^0.27.2",
        "bottleneck": "^2.19.5",
        "spark-md5": "^3.0.2"
      }
    },
    "node_modules/osu-mania-stable": {
      "version": "5.0.0",
      "resolved": "https://registry.npmjs.org/osu-mania-stable/-/osu-mania-stable-5.0.0.tgz",
      "integrity": "sha512-9UYjgZ2YYBFgVxNDON1rSXQO7KQ5DMuJxRsavDRLKFsoE7foHHc4y1AUBgOH0u6vuGVDOleBXhvvGjwsHAibjw==",
      "peer": true,
      "peerDependencies": {
        "osu-classes": "^3.0.0"
      }
    },
    "node_modules/osu-parsers": {
      "version": "4.1.5",
      "resolved": "https://registry.npmjs.org/osu-parsers/-/osu-parsers-4.1.5.tgz",
      "integrity": "sha512-IpyhpaANc79gzJGUTd9Q9K3Ocz1wv9GIsNYzirOV2I6xgRWV1zqBLIYT1qwoOniA5BYsBElSEDoZMPEQuNuLjA==",
      "peer": true,
      "dependencies": {
        "lzma-js-simple-v2": "^1.2.2"
      },
      "peerDependencies": {
        "osu-classes": "^3.0.1"
      }
    },
    "node_modules/osu-standard-stable": {
      "version": "5.0.0",
      "resolved": "https://registry.npmjs.org/osu-standard-stable/-/osu-standard-stable-5.0.0.tgz",
      "integrity": "sha512-qCzS1DFStHjgeDZguLRY5k4OgJSNXHG+sUdi1jm2Xwgk23QsyexwRQyTs5phFMuAnQmxeyjzWELLHOo99A/gMA==",
      "peer": true,
      "peerDependencies": {
        "osu-classes": "^3.0.0"
      }
    },
    "node_modules/osu-taiko-stable": {
      "version": "5.0.0",
      "resolved": "https://registry.npmjs.org/osu-taiko-stable/-/osu-taiko-stable-5.0.0.tgz",
      "integrity": "sha512-zvkFfAysl2BOSTTRN7sNtA590I+1hRYhEnArvQrUOWU94UTeyCLgh2yvlYXqVXeIQlhVDcrSxT8JR9RnGk3voA==",
      "peer": true,
      "peerDependencies": {
        "osu-classes": "^3.0.0"
      }
    },
    "node_modules/spark-md5": {
      "version": "3.0.2",
      "resolved": "https://registry.npmjs.org/spark-md5/-/spark-md5-3.0.2.tgz",
      "integrity": "sha512-wcFzz9cDfbuqe0FZzfi2or1sgyIrsDwmPwfZC4hiNidPdPINjeUwNfv5kldczoEAcjl9Y1L3SM7Uz2PUEQzxQw==",
      "peer": true
    }
  }
}
